
Microsoft Visual Studio Solution File, Format Version 12.00
# Visual Studio Version 17
VisualStudioVersion = 17.9.34728.123
MinimumVisualStudioVersion = 10.0.40219.1
Project("{FAE04EC0-301F-11D3-BF4B-00C04F79EFBC}") = "CompanyWork", "CompanyWork.csproj", "{3DEEA452-C333-408B-A1E3-4E0E1314A346}"
EndProject
Global
	GlobalSection(SolutionConfigurationPlatforms) = preSolution
		Debug|Any CPU = Debug|Any CPU
		Release|Any CPU = Release|Any CPU
	EndGlobalSection
	GlobalSection(ProjectConfigurationPlatforms) = postSolution
		{3DEEA452-C333-408B-A1E3-4E0E1314A346}.Debug|Any CPU.ActiveCfg = Debug|Any CPU
		{3DEEA452-C333-408B-A1E3-4E0E1314A346}.Debug|Any CPU.Build.0 = Debug|Any CPU
		{3DEEA452-C333-408B-A1E3-4E0E1314A346}.Release|Any CPU.ActiveCfg = Release|Any CPU
		{3DEEA452-C333-408B-A1E3-4E0E1314A346}.Release|Any CPU.Build.0 = Release|Any CPU
	EndGlobalSection
	GlobalSection(SolutionProperties) = preSolution
		HideSolutionNode = FALSE
	EndGlobalSection
	GlobalSection(ExtensibilityGlobals) = postSolution
		SolutionGuid = {9BD3F02F-FD0C-4360-B678-8E69D1535B14}
	EndGlobalSection
EndGlobal
